
Microsoft Visual Studio Solution File, Format Version 12.00
# Visual Studio Version 17
VisualStudioVersion = 17.9.34728.123
MinimumVisualStudioVersion = 10.0.40219.1
Project("{FAE04EC0-301F-11D3-BF4B-00C04F79EFBC}") = "CantinasWebApi", "CantinasWebApi.csproj", "{D5BB72B7-0FA2-4F81-942E-9107E1778E52}"
EndProject
Global
	GlobalSection(SolutionConfigurationPlatforms) = preSolution
		Debug|Any CPU = Debug|Any CPU
		Release|Any CPU = Release|Any CPU
	EndGlobalSection
	GlobalSection(ProjectConfigurationPlatforms) = postSolution
		{D5BB72B7-0FA2-4F81-942E-9107E1778E52}.Debug|Any CPU.ActiveCfg = Debug|Any CPU
		{D5BB72B7-0FA2-4F81-942E-9107E1778E52}.Debug|Any CPU.Build.0 = Debug|Any CPU
		{D5BB72B7-0FA2-4F81-942E-9107E1778E52}.Release|Any CPU.ActiveCfg = Release|Any CPU
		{D5BB72B7-0FA2-4F81-942E-9107E1778E52}.Release|Any CPU.Build.0 = Release|Any CPU
	EndGlobalSection
	GlobalSection(SolutionProperties) = preSolution
		HideSolutionNode = FALSE
	EndGlobalSection
	GlobalSection(ExtensibilityGlobals) = postSolution
		SolutionGuid = {A4483A99-15B8-4053-80AE-9CB2F8306BC6}
	EndGlobalSection
EndGlobal
